
Microsoft Visual Studio Solution File, Format Version 12.00
# Visual Studio for Mac
Project("{FAE04EC0-301F-11D3-BF4B-00C04F79EFBC}") = "migong", "migong.csproj", "{BEBDD387-0BA1-B4BF-4CF7-4288551F7D1D}"
EndProject
Project("{FAE04EC0-301F-11D3-BF4B-00C04F79EFBC}") = "migong.Plugins", "migong.Plugins.csproj", "{AECAB872-0053-030A-1AD0-ECD12EAE7DF8}"
EndProject
Project("{FAE04EC0-301F-11D3-BF4B-00C04F79EFBC}") = "migong.Editor", "migong.Editor.csproj", "{DF915C74-BBDF-1D05-54F6-A65398492F5F}"
EndProject
Project("{FAE04EC0-301F-11D3-BF4B-00C04F79EFBC}") = "migong.Editor.Plugins", "migong.Editor.Plugins.csproj", "{24B799D6-6E52-544E-5251-4C2E341D2C2A}"
EndProject
Global
	GlobalSection(SolutionConfigurationPlatforms) = preSolution
		Debug|Any CPU = Debug|Any CPU
		Release|Any CPU = Release|Any CPU
	EndGlobalSection
	GlobalSection(ProjectConfigurationPlatforms) = postSolution
		{BEBDD387-0BA1-B4BF-4CF7-4288551F7D1D}.Debug|Any CPU.ActiveCfg = Debug|Any CPU
		{BEBDD387-0BA1-B4BF-4CF7-4288551F7D1D}.Debug|Any CPU.Build.0 = Debug|Any CPU
		{BEBDD387-0BA1-B4BF-4CF7-4288551F7D1D}.Release|Any CPU.ActiveCfg = Release|Any CPU
		{BEBDD387-0BA1-B4BF-4CF7-4288551F7D1D}.Release|Any CPU.Build.0 = Release|Any CPU
		{AECAB872-0053-030A-1AD0-ECD12EAE7DF8}.Debug|Any CPU.ActiveCfg = Debug|Any CPU
		{AECAB872-0053-030A-1AD0-ECD12EAE7DF8}.Debug|Any CPU.Build.0 = Debug|Any CPU
		{AECAB872-0053-030A-1AD0-ECD12EAE7DF8}.Release|Any CPU.ActiveCfg = Release|Any CPU
		{AECAB872-0053-030A-1AD0-ECD12EAE7DF8}.Release|Any CPU.Build.0 = Release|Any CPU
		{DF915C74-BBDF-1D05-54F6-A65398492F5F}.Debug|Any CPU.ActiveCfg = Debug|Any CPU
		{DF915C74-BBDF-1D05-54F6-A65398492F5F}.Debug|Any CPU.Build.0 = Debug|Any CPU
		{DF915C74-BBDF-1D05-54F6-A65398492F5F}.Release|Any CPU.ActiveCfg = Release|Any CPU
		{DF915C74-BBDF-1D05-54F6-A65398492F5F}.Release|Any CPU.Build.0 = Release|Any CPU
		{24B799D6-6E52-544E-5251-4C2E341D2C2A}.Debug|Any CPU.ActiveCfg = Debug|Any CPU
		{24B799D6-6E52-544E-5251-4C2E341D2C2A}.Debug|Any CPU.Build.0 = Debug|Any CPU
		{24B799D6-6E52-544E-5251-4C2E341D2C2A}.Release|Any CPU.ActiveCfg = Release|Any CPU
		{24B799D6-6E52-544E-5251-4C2E341D2C2A}.Release|Any CPU.Build.0 = Release|Any CPU
	EndGlobalSection
	GlobalSection(SolutionProperties) = preSolution
		HideSolutionNode = FALSE
	EndGlobalSection
EndGlobal
